
Microsoft Visual Studio Solution File, Format Version 12.00
# Visual Studio 14
VisualStudioVersion = 14.0.25420.1
MinimumVisualStudioVersion = 10.0.40219.1
Project("{FAE04EC0-301F-11D3-BF4B-00C04F79EFBC}") = "EnumType", "EnumType\EnumType.csproj", "{3E7C2198-F6B3-4FAE-8EBF-2271E752DFF3}"
EndProject
Project("{FAE04EC0-301F-11D3-BF4B-00C04F79EFBC}") = "SeatManage.Bll", "SeatClientBll\SeatManage.Bll.csproj", "{D8187F61-BDC9-431F-975F-C58D9C897412}"
EndProject
Project("{FAE04EC0-301F-11D3-BF4B-00C04F79EFBC}") = "SeatClientV3", "SeatClientV3\SeatClientV3.csproj", "{26453B00-5C5B-42DE-8FFC-093F1B87E3DE}"
EndProject
Project("{FAE04EC0-301F-11D3-BF4B-00C04F79EFBC}") = "SeatClientV3.OperateResult", "SeatClientV3.OperateResult\SeatClientV3.OperateResult.csproj", "{FD714DDF-DBA9-49B6-A18F-D8FD785AEDFC}"
EndProject
Project("{FAE04EC0-301F-11D3-BF4B-00C04F79EFBC}") = "SeatManage.ISystemTerminal", "SeatManage.ISystemTerminal\SeatManage.ISystemTerminal.csproj", "{A8DC4589-E484-475E-A2BB-B1D264424F05}"
EndProject
Project("{FAE04EC0-301F-11D3-BF4B-00C04F79EFBC}") = "SeatManageClassModel", "SeatManageClassModel\SeatManageClassModel.csproj", "{E90FBBAD-98DA-4A34-B620-26DA9ADDDF85}"
EndProject
Project("{FAE04EC0-301F-11D3-BF4B-00C04F79EFBC}") = "SeatManageComm", "SeatManageComm\SeatManageComm.csproj", "{19063808-3340-4563-8B40-573D8DD0BABA}"
EndProject
Project("{FAE04EC0-301F-11D3-BF4B-00C04F79EFBC}") = "WPFMessage", "WPFMessage\WPFMessage.csproj", "{8CC8DB50-3403-4625-93DC-139A89F4A020}"
EndProject
Project("{FAE04EC0-301F-11D3-BF4B-00C04F79EFBC}") = "AuthorizeVerify", "AuthorizeVerify\AuthorizeVerify.csproj", "{7CEE58EC-8892-40D3-8DC3-4231054851D3}"
EndProject
Project("{FAE04EC0-301F-11D3-BF4B-00C04F79EFBC}") = "IWCFService", "IWCFService\IWCFService.csproj", "{F7C44CB4-96BD-4B90-BC1A-A4313D362FE9}"
EndProject
Project("{FAE04EC0-301F-11D3-BF4B-00C04F79EFBC}") = "SeatManage.WcfAccessProxy", "SeatManage.WcfAccessProxy\SeatManage.WcfAccessProxy.csproj", "{E64D1E5D-7078-48A9-83EF-833C3D282F5D}"
EndProject
Project("{FAE04EC0-301F-11D3-BF4B-00C04F79EFBC}") = "SeatManage.DAL", "SeatManage.DAL\SeatManage.DAL.csproj", "{BFCC0DB7-FAB5-4313-88B9-1C91EA09770B}"
EndProject
Project("{FAE04EC0-301F-11D3-BF4B-00C04F79EFBC}") = "DBUtility", "DBUtility\DBUtility.csproj", "{E36B0E11-7FC9-4224-850F-E10CB57FB284}"
EndProject
Project("{FAE04EC0-301F-11D3-BF4B-00C04F79EFBC}") = "IWCFService.TransportService", "IWCFService.TransportService\IWCFService.TransportService.csproj", "{19B2BF43-EB86-450B-80C5-9BE4ADFA5420}"
EndProject
Project("{FAE04EC0-301F-11D3-BF4B-00C04F79EFBC}") = "SeatManage.InterfaceFactory", "InterfaceFactory\SeatManage.InterfaceFactory.csproj", "{FAF7C3DC-E2A6-482B-989E-735BE18517BA}"
EndProject
Project("{FAE04EC0-301F-11D3-BF4B-00C04F79EFBC}") = "SeatClientV3.Launcher", "SeatClientV3.Launcher\SeatClientV3.Launcher.csproj", "{48336ED7-33A0-4F46-B754-494A8008C30B}"
EndProject
Project("{FAE04EC0-301F-11D3-BF4B-00C04F79EFBC}") = "SeatClient.Config", "SeatClient.Config\SeatClient.Config.csproj", "{5DE9993B-70B7-4D38-B79E-8871664D31FB}"
EndProject
Project("{FAE04EC0-301F-11D3-BF4B-00C04F79EFBC}") = "AMS.MediaPlayer", "AMS.MediaPlayer.UI\AMS.MediaPlayer.csproj", "{2947CE2F-EB29-474F-BB57-D708E7745FB6}"
EndProject
Project("{FAE04EC0-301F-11D3-BF4B-00C04F79EFBC}") = "AMS.WebView", "AMS.WebView\AMS.WebView.csproj", "{9497539C-1CDB-4C8D-828C-3E93F13E0072}"
EndProject
Global
	GlobalSection(SolutionConfigurationPlatforms) = preSolution
		Debug|Any CPU = Debug|Any CPU
		Debug|x86 = Debug|x86
		Release|Any CPU = Release|Any CPU
		Release|x86 = Release|x86
	EndGlobalSection
	GlobalSection(ProjectConfigurationPlatforms) = postSolution
		{3E7C2198-F6B3-4FAE-8EBF-2271E752DFF3}.Debug|Any CPU.ActiveCfg = Debug|Any CPU
		{3E7C2198-F6B3-4FAE-8EBF-2271E752DFF3}.Debug|Any CPU.Build.0 = Debug|Any CPU
		{3E7C2198-F6B3-4FAE-8EBF-2271E752DFF3}.Debug|x86.ActiveCfg = Debug|x86
		{3E7C2198-F6B3-4FAE-8EBF-2271E752DFF3}.Debug|x86.Build.0 = Debug|x86
		{3E7C2198-F6B3-4FAE-8EBF-2271E752DFF3}.Release|Any CPU.ActiveCfg = Release|Any CPU
		{3E7C2198-F6B3-4FAE-8EBF-2271E752DFF3}.Release|Any CPU.Build.0 = Release|Any CPU
		{3E7C2198-F6B3-4FAE-8EBF-2271E752DFF3}.Release|x86.ActiveCfg = Release|x86
		{3E7C2198-F6B3-4FAE-8EBF-2271E752DFF3}.Release|x86.Build.0 = Release|x86
		{D8187F61-BDC9-431F-975F-C58D9C897412}.Debug|Any CPU.ActiveCfg = Debug|Any CPU
		{D8187F61-BDC9-431F-975F-C58D9C897412}.Debug|Any CPU.Build.0 = Debug|Any CPU
		{D8187F61-BDC9-431F-975F-C58D9C897412}.Debug|x86.ActiveCfg = Debug|x86
		{D8187F61-BDC9-431F-975F-C58D9C897412}.Debug|x86.Build.0 = Debug|x86
		{D8187F61-BDC9-431F-975F-C58D9C897412}.Release|Any CPU.ActiveCfg = Release|Any CPU
		{D8187F61-BDC9-431F-975F-C58D9C897412}.Release|Any CPU.Build.0 = Release|Any CPU
		{D8187F61-BDC9-431F-975F-C58D9C897412}.Release|x86.ActiveCfg = Release|x86
		{D8187F61-BDC9-431F-975F-C58D9C897412}.Release|x86.Build.0 = Release|x86
		{26453B00-5C5B-42DE-8FFC-093F1B87E3DE}.Debug|Any CPU.ActiveCfg = Debug|Any CPU
		{26453B00-5C5B-42DE-8FFC-093F1B87E3DE}.Debug|Any CPU.Build.0 = Debug|Any CPU
		{26453B00-5C5B-42DE-8FFC-093F1B87E3DE}.Debug|x86.ActiveCfg = Debug|Any CPU
		{26453B00-5C5B-42DE-8FFC-093F1B87E3DE}.Debug|x86.Build.0 = Debug|Any CPU
		{26453B00-5C5B-42DE-8FFC-093F1B87E3DE}.Release|Any CPU.ActiveCfg = Release|Any CPU
		{26453B00-5C5B-42DE-8FFC-093F1B87E3DE}.Release|Any CPU.Build.0 = Release|Any CPU
		{26453B00-5C5B-42DE-8FFC-093F1B87E3DE}.Release|x86.ActiveCfg = Release|Any CPU
		{26453B00-5C5B-42DE-8FFC-093F1B87E3DE}.Release|x86.Build.0 = Release|Any CPU
		{FD714DDF-DBA9-49B6-A18F-D8FD785AEDFC}.Debug|Any CPU.ActiveCfg = Debug|Any CPU
		{FD714DDF-DBA9-49B6-A18F-D8FD785AEDFC}.Debug|Any CPU.Build.0 = Debug|Any CPU
		{FD714DDF-DBA9-49B6-A18F-D8FD785AEDFC}.Debug|x86.ActiveCfg = Debug|Any CPU
		{FD714DDF-DBA9-49B6-A18F-D8FD785AEDFC}.Debug|x86.Build.0 = Debug|Any CPU
		{FD714DDF-DBA9-49B6-A18F-D8FD785AEDFC}.Release|Any CPU.ActiveCfg = Release|Any CPU
		{FD714DDF-DBA9-49B6-A18F-D8FD785AEDFC}.Release|Any CPU.Build.0 = Release|Any CPU
		{FD714DDF-DBA9-49B6-A18F-D8FD785AEDFC}.Release|x86.ActiveCfg = Release|Any CPU
		{FD714DDF-DBA9-49B6-A18F-D8FD785AEDFC}.Release|x86.Build.0 = Release|Any CPU
		{A8DC4589-E484-475E-A2BB-B1D264424F05}.Debug|Any CPU.ActiveCfg = Debug|Any CPU
		{A8DC4589-E484-475E-A2BB-B1D264424F05}.Debug|Any CPU.Build.0 = Debug|Any CPU
		{A8DC4589-E484-475E-A2BB-B1D264424F05}.Debug|x86.ActiveCfg = Debug|x86
		{A8DC4589-E484-475E-A2BB-B1D264424F05}.Debug|x86.Build.0 = Debug|x86
		{A8DC4589-E484-475E-A2BB-B1D264424F05}.Release|Any CPU.ActiveCfg = Release|Any CPU
		{A8DC4589-E484-475E-A2BB-B1D264424F05}.Release|Any CPU.Build.0 = Release|Any CPU
		{A8DC4589-E484-475E-A2BB-B1D264424F05}.Release|x86.ActiveCfg = Release|x86
		{A8DC4589-E484-475E-A2BB-B1D264424F05}.Release|x86.Build.0 = Release|x86
		{E90FBBAD-98DA-4A34-B620-26DA9ADDDF85}.Debug|Any CPU.ActiveCfg = Debug|Any CPU
		{E90FBBAD-98DA-4A34-B620-26DA9ADDDF85}.Debug|Any CPU.Build.0 = Debug|Any CPU
		{E90FBBAD-98DA-4A34-B620-26DA9ADDDF85}.Debug|x86.ActiveCfg = Debug|x86
		{E90FBBAD-98DA-4A34-B620-26DA9ADDDF85}.Debug|x86.Build.0 = Debug|x86
		{E90FBBAD-98DA-4A34-B620-26DA9ADDDF85}.Release|Any CPU.ActiveCfg = Release|Any CPU
		{E90FBBAD-98DA-4A34-B620-26DA9ADDDF85}.Release|Any CPU.Build.0 = Release|Any CPU
		{E90FBBAD-98DA-4A34-B620-26DA9ADDDF85}.Release|x86.ActiveCfg = Release|x86
		{E90FBBAD-98DA-4A34-B620-26DA9ADDDF85}.Release|x86.Build.0 = Release|x86
		{19063808-3340-4563-8B40-573D8DD0BABA}.Debug|Any CPU.ActiveCfg = Debug|Any CPU
		{19063808-3340-4563-8B40-573D8DD0BABA}.Debug|Any CPU.Build.0 = Debug|Any CPU
		{19063808-3340-4563-8B40-573D8DD0BABA}.Debug|x86.ActiveCfg = Debug|x86
		{19063808-3340-4563-8B40-573D8DD0BABA}.Debug|x86.Build.0 = Debug|x86
		{19063808-3340-4563-8B40-573D8DD0BABA}.Release|Any CPU.ActiveCfg = Release|Any CPU
		{19063808-3340-4563-8B40-573D8DD0BABA}.Release|Any CPU.Build.0 = Release|Any CPU
		{19063808-3340-4563-8B40-573D8DD0BABA}.Release|x86.ActiveCfg = Release|x86
		{19063808-3340-4563-8B40-573D8DD0BABA}.Release|x86.Build.0 = Release|x86
		{8CC8DB50-3403-4625-93DC-139A89F4A020}.Debug|Any CPU.ActiveCfg = Debug|Any CPU
		{8CC8DB50-3403-4625-93DC-139A89F4A020}.Debug|Any CPU.Build.0 = Debug|Any CPU
		{8CC8DB50-3403-4625-93DC-139A89F4A020}.Debug|x86.ActiveCfg = Debug|Any CPU
		{8CC8DB50-3403-4625-93DC-139A89F4A020}.Debug|x86.Build.0 = Debug|Any CPU
		{8CC8DB50-3403-4625-93DC-139A89F4A020}.Release|Any CPU.ActiveCfg = Release|Any CPU
		{8CC8DB50-3403-4625-93DC-139A89F4A020}.Release|Any CPU.Build.0 = Release|Any CPU
		{8CC8DB50-3403-4625-93DC-139A89F4A020}.Release|x86.ActiveCfg = Release|Any CPU
		{8CC8DB50-3403-4625-93DC-139A89F4A020}.Release|x86.Build.0 = Release|Any CPU
		{7CEE58EC-8892-40D3-8DC3-4231054851D3}.Debug|Any CPU.ActiveCfg = Debug|Any CPU
		{7CEE58EC-8892-40D3-8DC3-4231054851D3}.Debug|Any CPU.Build.0 = Debug|Any CPU
		{7CEE58EC-8892-40D3-8DC3-4231054851D3}.Debug|x86.ActiveCfg = Debug|x86
		{7CEE58EC-8892-40D3-8DC3-4231054851D3}.Debug|x86.Build.0 = Debug|x86
		{7CEE58EC-8892-40D3-8DC3-4231054851D3}.Release|Any CPU.ActiveCfg = Release|Any CPU
		{7CEE58EC-8892-40D3-8DC3-4231054851D3}.Release|Any CPU.Build.0 = Release|Any CPU
		{7CEE58EC-8892-40D3-8DC3-4231054851D3}.Release|x86.ActiveCfg = Release|x86
		{7CEE58EC-8892-40D3-8DC3-4231054851D3}.Release|x86.Build.0 = Release|x86
		{F7C44CB4-96BD-4B90-BC1A-A4313D362FE9}.Debug|Any CPU.ActiveCfg = Debug|Any CPU
		{F7C44CB4-96BD-4B90-BC1A-A4313D362FE9}.Debug|Any CPU.Build.0 = Debug|Any CPU
		{F7C44CB4-96BD-4B90-BC1A-A4313D362FE9}.Debug|x86.ActiveCfg = Debug|x86
		{F7C44CB4-96BD-4B90-BC1A-A4313D362FE9}.Debug|x86.Build.0 = Debug|x86
		{F7C44CB4-96BD-4B90-BC1A-A4313D362FE9}.Release|Any CPU.ActiveCfg = Release|Any CPU
		{F7C44CB4-96BD-4B90-BC1A-A4313D362FE9}.Release|Any CPU.Build.0 = Release|Any CPU
		{F7C44CB4-96BD-4B90-BC1A-A4313D362FE9}.Release|x86.ActiveCfg = Release|x86
		{F7C44CB4-96BD-4B90-BC1A-A4313D362FE9}.Release|x86.Build.0 = Release|x86
		{E64D1E5D-7078-48A9-83EF-833C3D282F5D}.Debug|Any CPU.ActiveCfg = Debug|Any CPU
		{E64D1E5D-7078-48A9-83EF-833C3D282F5D}.Debug|Any CPU.Build.0 = Debug|Any CPU
		{E64D1E5D-7078-48A9-83EF-833C3D282F5D}.Debug|x86.ActiveCfg = Debug|x86
		{E64D1E5D-7078-48A9-83EF-833C3D282F5D}.Debug|x86.Build.0 = Debug|x86
		{E64D1E5D-7078-48A9-83EF-833C3D282F5D}.Release|Any CPU.ActiveCfg = Release|Any CPU
		{E64D1E5D-7078-48A9-83EF-833C3D282F5D}.Release|Any CPU.Build.0 = Release|Any CPU
		{E64D1E5D-7078-48A9-83EF-833C3D282F5D}.Release|x86.ActiveCfg = Release|x86
		{E64D1E5D-7078-48A9-83EF-833C3D282F5D}.Release|x86.Build.0 = Release|x86
		{BFCC0DB7-FAB5-4313-88B9-1C91EA09770B}.Debug|Any CPU.ActiveCfg = Debug|Any CPU
		{BFCC0DB7-FAB5-4313-88B9-1C91EA09770B}.Debug|Any CPU.Build.0 = Debug|Any CPU
		{BFCC0DB7-FAB5-4313-88B9-1C91EA09770B}.Debug|x86.ActiveCfg = Debug|x86
		{BFCC0DB7-FAB5-4313-88B9-1C91EA09770B}.Debug|x86.Build.0 = Debug|x86
		{BFCC0DB7-FAB5-4313-88B9-1C91EA09770B}.Release|Any CPU.ActiveCfg = Release|Any CPU
		{BFCC0DB7-FAB5-4313-88B9-1C91EA09770B}.Release|Any CPU.Build.0 = Release|Any CPU
		{BFCC0DB7-FAB5-4313-88B9-1C91EA09770B}.Release|x86.ActiveCfg = Release|x86
		{BFCC0DB7-FAB5-4313-88B9-1C91EA09770B}.Release|x86.Build.0 = Release|x86
		{E36B0E11-7FC9-4224-850F-E10CB57FB284}.Debug|Any CPU.ActiveCfg = Debug|Any CPU
		{E36B0E11-7FC9-4224-850F-E10CB57FB284}.Debug|Any CPU.Build.0 = Debug|Any CPU
		{E36B0E11-7FC9-4224-850F-E10CB57FB284}.Debug|x86.ActiveCfg = Debug|x86
		{E36B0E11-7FC9-4224-850F-E10CB57FB284}.Debug|x86.Build.0 = Debug|x86
		{E36B0E11-7FC9-4224-850F-E10CB57FB284}.Release|Any CPU.ActiveCfg = Release|Any CPU
		{E36B0E11-7FC9-4224-850F-E10CB57FB284}.Release|Any CPU.Build.0 = Release|Any CPU
		{E36B0E11-7FC9-4224-850F-E10CB57FB284}.Release|x86.ActiveCfg = Release|x86
		{E36B0E11-7FC9-4224-850F-E10CB57FB284}.Release|x86.Build.0 = Release|x86
		{19B2BF43-EB86-450B-80C5-9BE4ADFA5420}.Debug|Any CPU.ActiveCfg = Debug|Any CPU
		{19B2BF43-EB86-450B-80C5-9BE4ADFA5420}.Debug|Any CPU.Build.0 = Debug|Any CPU
		{19B2BF43-EB86-450B-80C5-9BE4ADFA5420}.Debug|x86.ActiveCfg = Debug|x86
		{19B2BF43-EB86-450B-80C5-9BE4ADFA5420}.Debug|x86.Build.0 = Debug|x86
		{19B2BF43-EB86-450B-80C5-9BE4ADFA5420}.Release|Any CPU.ActiveCfg = Release|Any CPU
		{19B2BF43-EB86-450B-80C5-9BE4ADFA5420}.Release|Any CPU.Build.0 = Release|Any CPU
		{19B2BF43-EB86-450B-80C5-9BE4ADFA5420}.Release|x86.ActiveCfg = Release|x86
		{19B2BF43-EB86-450B-80C5-9BE4ADFA5420}.Release|x86.Build.0 = Release|x86
		{FAF7C3DC-E2A6-482B-989E-735BE18517BA}.Debug|Any CPU.ActiveCfg = Debug|Any CPU
		{FAF7C3DC-E2A6-482B-989E-735BE18517BA}.Debug|Any CPU.Build.0 = Debug|Any CPU
		{FAF7C3DC-E2A6-482B-989E-735BE18517BA}.Debug|x86.ActiveCfg = Debug|x86
		{FAF7C3DC-E2A6-482B-989E-735BE18517BA}.Debug|x86.Build.0 = Debug|x86
		{FAF7C3DC-E2A6-482B-989E-735BE18517BA}.Release|Any CPU.ActiveCfg = Release|Any CPU
		{FAF7C3DC-E2A6-482B-989E-735BE18517BA}.Release|Any CPU.Build.0 = Release|Any CPU
		{FAF7C3DC-E2A6-482B-989E-735BE18517BA}.Release|x86.ActiveCfg = Release|x86
		{FAF7C3DC-E2A6-482B-989E-735BE18517BA}.Release|x86.Build.0 = Release|x86
		{48336ED7-33A0-4F46-B754-494A8008C30B}.Debug|Any CPU.ActiveCfg = Debug|Any CPU
		{48336ED7-33A0-4F46-B754-494A8008C30B}.Debug|Any CPU.Build.0 = Debug|Any CPU
		{48336ED7-33A0-4F46-B754-494A8008C30B}.Debug|x86.ActiveCfg = Debug|Any CPU
		{48336ED7-33A0-4F46-B754-494A8008C30B}.Debug|x86.Build.0 = Debug|Any CPU
		{48336ED7-33A0-4F46-B754-494A8008C30B}.Release|Any CPU.ActiveCfg = Release|Any CPU
		{48336ED7-33A0-4F46-B754-494A8008C30B}.Release|Any CPU.Build.0 = Release|Any CPU
		{48336ED7-33A0-4F46-B754-494A8008C30B}.Release|x86.ActiveCfg = Release|Any CPU
		{48336ED7-33A0-4F46-B754-494A8008C30B}.Release|x86.Build.0 = Release|Any CPU
		{5DE9993B-70B7-4D38-B79E-8871664D31FB}.Debug|Any CPU.ActiveCfg = Debug|x86
		{5DE9993B-70B7-4D38-B79E-8871664D31FB}.Debug|x86.ActiveCfg = Debug|x86
		{5DE9993B-70B7-4D38-B79E-8871664D31FB}.Debug|x86.Build.0 = Debug|x86
		{5DE9993B-70B7-4D38-B79E-8871664D31FB}.Release|Any CPU.ActiveCfg = Release|x86
		{5DE9993B-70B7-4D38-B79E-8871664D31FB}.Release|x86.ActiveCfg = Release|x86
		{5DE9993B-70B7-4D38-B79E-8871664D31FB}.Release|x86.Build.0 = Release|x86
		{2947CE2F-EB29-474F-BB57-D708E7745FB6}.Debug|Any CPU.ActiveCfg = Debug|x86
		{2947CE2F-EB29-474F-BB57-D708E7745FB6}.Debug|x86.ActiveCfg = Debug|x86
		{2947CE2F-EB29-474F-BB57-D708E7745FB6}.Debug|x86.Build.0 = Debug|x86
		{2947CE2F-EB29-474F-BB57-D708E7745FB6}.Release|Any CPU.ActiveCfg = Release|x86
		{2947CE2F-EB29-474F-BB57-D708E7745FB6}.Release|x86.ActiveCfg = Release|x86
		{2947CE2F-EB29-474F-BB57-D708E7745FB6}.Release|x86.Build.0 = Release|x86
		{9497539C-1CDB-4C8D-828C-3E93F13E0072}.Debug|Any CPU.ActiveCfg = Debug|x86
		{9497539C-1CDB-4C8D-828C-3E93F13E0072}.Debug|x86.ActiveCfg = Debug|x86
		{9497539C-1CDB-4C8D-828C-3E93F13E0072}.Debug|x86.Build.0 = Debug|x86
		{9497539C-1CDB-4C8D-828C-3E93F13E0072}.Release|Any CPU.ActiveCfg = Release|x86
		{9497539C-1CDB-4C8D-828C-3E93F13E0072}.Release|x86.ActiveCfg = Release|x86
		{9497539C-1CDB-4C8D-828C-3E93F13E0072}.Release|x86.Build.0 = Release|x86
	EndGlobalSection
	GlobalSection(SolutionProperties) = preSolution
		HideSolutionNode = FALSE
	EndGlobalSection
EndGlobal
